
Microsoft Visual Studio Solution File, Format Version 12.00
# Visual Studio 15
VisualStudioVersion = 15.0.27703.2000
MinimumVisualStudioVersion = 10.0.40219.1
Project("{9A19103F-16F7-4668-BE54-9A1E7A4F7556}") = "ng-Twitter", "ng-Twitter\ng-Twitter.csproj", "{4A10617F-857A-4E50-A81E-B208F2B7920F}"
EndProject
Project("{FAE04EC0-301F-11D3-BF4B-00C04F79EFBC}") = "Models", "Models\Models.csproj", "{B91FE245-442B-4252-B73E-3193DBF2D43F}"
EndProject
Global
	GlobalSection(SolutionConfigurationPlatforms) = preSolution
		Debug|Any CPU = Debug|Any CPU
		Release|Any CPU = Release|Any CPU
	EndGlobalSection
	GlobalSection(ProjectConfigurationPlatforms) = postSolution
		{4A10617F-857A-4E50-A81E-B208F2B7920F}.Debug|Any CPU.ActiveCfg = Debug|Any CPU
		{4A10617F-857A-4E50-A81E-B208F2B7920F}.Debug|Any CPU.Build.0 = Debug|Any CPU
		{4A10617F-857A-4E50-A81E-B208F2B7920F}.Release|Any CPU.ActiveCfg = Release|Any CPU
		{4A10617F-857A-4E50-A81E-B208F2B7920F}.Release|Any CPU.Build.0 = Release|Any CPU
		{B91FE245-442B-4252-B73E-3193DBF2D43F}.Debug|Any CPU.ActiveCfg = Debug|Any CPU
		{B91FE245-442B-4252-B73E-3193DBF2D43F}.Debug|Any CPU.Build.0 = Debug|Any CPU
		{B91FE245-442B-4252-B73E-3193DBF2D43F}.Release|Any CPU.ActiveCfg = Release|Any CPU
		{B91FE245-442B-4252-B73E-3193DBF2D43F}.Release|Any CPU.Build.0 = Release|Any CPU
	EndGlobalSection
	GlobalSection(SolutionProperties) = preSolution
		HideSolutionNode = FALSE
	EndGlobalSection
	GlobalSection(ExtensibilityGlobals) = postSolution
		SolutionGuid = {06251D67-B693-40A4-A082-06DB4587ACD3}
	EndGlobalSection
EndGlobal
